# This file is autogenerated, do not edit; changes may be undone by the next 'dep ensure'.


[[projects]]
  digest = "1:6078383dbb7405bfa3ce16957f37564e3b716afa29b6eb45ffdb6674624d1e0d"
  name = "github.com/gorilla/mux"
  packages = ["."]
  pruneopts = "UT"
  revision = "98cb6bf42e086f6af920b965c38cacc07402d51b"
  version = "v1.8.0"

[[projects]]
  digest = "1:add7a1c43234b668ff5ce8f6a7d5e0a453d866d51cdb2f7014fe94808154f431"
  name = "github.com/openfaas/faas-provider"
  packages = [
    ".",
    "auth",
    "httputil",
    "logs",
    "types",
  ]
  pruneopts = "UT"
  revision = "98c25c3919da1ca07bb93fad63fd9715b460963f"
  version = "012.1"

[[projects]]
  digest = "1:819b22a75ddd43c69965c9582dcab34a077f2d3f543bf8832126b275ea6953e6"
  name = "github.com/sirupsen/logrus"
  packages = ["."]
  pruneopts = "UT"
  revision = "bdc0db8ead3853c56b7cd1ac2ba4e11b47d7da6b"
  version = "v1.8.1"

[[projects]]
  digest = "1:f5c0bb9326ca57afcbc0a787a4caa854da8f25b2c9fdba596200bb5d00e22683"
  name = "github.com/wasmerio/wasmer-go"
  packages = [
    "wasmer",
    "wasmer/packaged/include",
    "wasmer/packaged/lib",
    "wasmer/packaged/lib/darwin-amd64",
    "wasmer/packaged/lib/linux-aarch64",
    "wasmer/packaged/lib/linux-amd64",
  ]
  pruneopts = "UT"
  revision = "5f7cd9931ac0be96959ca6bb4ce5ae31d0362428"
  version = "v1.0.3"

[[projects]]
  branch = "master"
  digest = "1:375189898aba317b5bb4661d2048ddcfa606abcf34b9153b4bf1f455cfdd934c"
  name = "golang.org/x/sys"
  packages = [
    "internal/unsafeheader",
    "unix",
    "windows",
  ]
  pruneopts = "UT"
  revision = "0f9fa26af87c481a6877a4ca1330699ba9a30673"

[solve-meta]
  analyzer-name = "dep"
  analyzer-version = 1
  input-imports = [
    "github.com/gorilla/mux",
    "github.com/openfaas/faas-provider",
    "github.com/openfaas/faas-provider/logs",
    "github.com/openfaas/faas-provider/types",
    "github.com/sirupsen/logrus",
    "github.com/wasmerio/wasmer-go/wasmer",
  ]
  solver-name = "gps-cdcl"
  solver-version = 1
